
Microsoft Visual Studio Solution File, Format Version 12.00
# Visual Studio Version 17
VisualStudioVersion = 17.4.33110.190
MinimumVisualStudioVersion = 10.0.40219.1
Project("{9A19103F-16F7-4668-BE54-9A1E7A4F7556}") = "ProjectManagementSystem", "ProjectManagementSystem\ProjectManagementSystem.csproj", "{41DE8D12-C9A0-4B9E-931C-B5883E89D853}"
EndProject
Project("{FAE04EC0-301F-11D3-BF4B-00C04F79EFBC}") = "ProjectManagementSystem.UnitTests", "ProjectManagementSystem.UnitTests\ProjectManagementSystem.UnitTests.csproj", "{9923A806-C481-4119-B153-3C47C5FF95D3}"
EndProject
Global
	GlobalSection(SolutionConfigurationPlatforms) = preSolution
		Debug|Any CPU = Debug|Any CPU
		Release|Any CPU = Release|Any CPU
	EndGlobalSection
	GlobalSection(ProjectConfigurationPlatforms) = postSolution
		{41DE8D12-C9A0-4B9E-931C-B5883E89D853}.Debug|Any CPU.ActiveCfg = Debug|Any CPU
		{41DE8D12-C9A0-4B9E-931C-B5883E89D853}.Debug|Any CPU.Build.0 = Debug|Any CPU
		{41DE8D12-C9A0-4B9E-931C-B5883E89D853}.Release|Any CPU.ActiveCfg = Release|Any CPU
		{41DE8D12-C9A0-4B9E-931C-B5883E89D853}.Release|Any CPU.Build.0 = Release|Any CPU
		{9923A806-C481-4119-B153-3C47C5FF95D3}.Debug|Any CPU.ActiveCfg = Debug|Any CPU
		{9923A806-C481-4119-B153-3C47C5FF95D3}.Debug|Any CPU.Build.0 = Debug|Any CPU
		{9923A806-C481-4119-B153-3C47C5FF95D3}.Release|Any CPU.ActiveCfg = Release|Any CPU
		{9923A806-C481-4119-B153-3C47C5FF95D3}.Release|Any CPU.Build.0 = Release|Any CPU
	EndGlobalSection
	GlobalSection(SolutionProperties) = preSolution
		HideSolutionNode = FALSE
	EndGlobalSection
	GlobalSection(ExtensibilityGlobals) = postSolution
		SolutionGuid = {3BD6CEB8-5153-4822-9149-F881A6E12EA8}
	EndGlobalSection
EndGlobal
